
Microsoft Visual Studio Solution File, Format Version 12.00
# Visual Studio Version 17
VisualStudioVersion = 17.8.34330.188
MinimumVisualStudioVersion = 10.0.40219.1
Project("{FAE04EC0-301F-11D3-BF4B-00C04F79EFBC}") = "BuildCompanyWPF", "BuildCompanyWPF\BuildCompanyWPF.csproj", "{0B9F54AE-E6A1-45DE-9CB9-FFD1BEE7D14B}"
EndProject
Global
	GlobalSection(SolutionConfigurationPlatforms) = preSolution
		Debug|Any CPU = Debug|Any CPU
		Release|Any CPU = Release|Any CPU
	EndGlobalSection
	GlobalSection(ProjectConfigurationPlatforms) = postSolution
		{0B9F54AE-E6A1-45DE-9CB9-FFD1BEE7D14B}.Debug|Any CPU.ActiveCfg = Debug|Any CPU
		{0B9F54AE-E6A1-45DE-9CB9-FFD1BEE7D14B}.Debug|Any CPU.Build.0 = Debug|Any CPU
		{0B9F54AE-E6A1-45DE-9CB9-FFD1BEE7D14B}.Release|Any CPU.ActiveCfg = Release|Any CPU
		{0B9F54AE-E6A1-45DE-9CB9-FFD1BEE7D14B}.Release|Any CPU.Build.0 = Release|Any CPU
	EndGlobalSection
	GlobalSection(SolutionProperties) = preSolution
		HideSolutionNode = FALSE
	EndGlobalSection
	GlobalSection(ExtensibilityGlobals) = postSolution
		SolutionGuid = {3BCF03BD-F076-4B93-8130-0E146450C491}
	EndGlobalSection
EndGlobal
